<?xml version="1.0" encoding="utf-8"?>
<Project ToolsVersion="4.0" xmlns="http://schemas.microsoft.com/developer/msbuild/2003">
  <ItemGroup>
    <Filter Include="lib">
      <UniqueIdentifier>{0c3d5009-98fc-4275-99d0-c922ae8c68c2}</UniqueIdentifier>
    </Filter>
    <Filter Include="include">
      <UniqueIdentifier>{93995380-89BD-4b04-88EB-625FBE52EBFB}</UniqueIdentifier>
      <Extensions>h;hh;hpp;hxx;h++;hm;inl;inc;ipp;xsd</Extensions>
    </Filter>
    <Filter Include="src">
      <UniqueIdentifier>{4FC737F1-C7A5-4376-A066-2A32D752A2FF}</UniqueIdentifier>
      <Extensions>cpp;c;cc;cxx;c++;cppm;ixx;def;odl;idl;hpj;bat;asm;asmx</Extensions>
    </Filter>
    <Filter Include="res">
      <UniqueIdentifier>{67DA6AB6-F800-4c08-8B7A-83BB121AAD01}</UniqueIdentifier>
      <Extensions>rc;ico;cur;bmp;dlg;rc2;rct;bin;rgs;gif;jpg;jpeg;jpe;resx;tiff;tif;png;wav;mfcribbon-ms</Extensions>
    </Filter>
  </ItemGroup>
  <ItemGroup>
    <ClInclude Include="include\ApiConfig.h">
      <Filter>include</Filter>
    </ClInclude>
    <ClInclude Include="include\ApiData.h">
      <Filter>include</Filter>
    </ClInclude>
    <ClInclude Include="include\ApiRequest.h">
      <Filter>include</Filter>
    </ClInclude>
    <ClInclude Include="include\ApiResponse.h">
      <Filter>include</Filter>
    </ClInclude>
    <ClInclude Include="include\ApiTest.h">
      <Filter>include</Filter>
    </ClInclude>
    <ClInclude Include="src\MainWindow.h">
      <Filter>src</Filter>
    </ClInclude>
  </ItemGroup>
  <ItemGroup>
    <Library Include="lib\libcurl.a">
      <Filter>lib</Filter>
    </Library>
    <Library Include="lib\libcurl.lib">
      <Filter>lib</Filter>
    </Library>
  </ItemGroup>
  <ItemGroup>
    <Image Include="res\icon.ico">
      <Filter>res</Filter>
    </Image>
  </ItemGroup>
  <ItemGroup>
    <None Include="lib\libcurl.dll">
      <Filter>lib</Filter>
    </None>
    <None Include="src\MainWindow.ui">
      <Filter>src</Filter>
    </None>
  </ItemGroup>
  <ItemGroup>
    <ClCompile Include="src\ApiConfig.cpp">
      <Filter>src</Filter>
    </ClCompile>
    <ClCompile Include="src\ApiData.cpp">
      <Filter>src</Filter>
    </ClCompile>
    <ClCompile Include="src\ApiRequest.cpp">
      <Filter>src</Filter>
    </ClCompile>
    <ClCompile Include="src\ApiResponse.cpp">
      <Filter>src</Filter>
    </ClCompile>
    <ClCompile Include="src\ApiTest.cpp">
      <Filter>src</Filter>
    </ClCompile>
    <ClCompile Include="src\Main.cpp">
      <Filter>src</Filter>
    </ClCompile>
    <ClCompile Include="src\MainWindow.cpp">
      <Filter>src</Filter>
    </ClCompile>
  </ItemGroup>
</Project>